
Microsoft Visual Studio Solution File, Format Version 12.00
# Visual Studio Version 16
VisualStudioVersion = 16.0.31025.194
MinimumVisualStudioVersion = 10.0.40219.1
Project("{FAE04EC0-301F-11D3-BF4B-00C04F79EFBC}") = "Car_Web_App", "Car_Web_App\Car_Web_App.csproj", "{2F3AD1A2-22A7-479E-A93D-D9B2F585ACEE}"
EndProject
Global
	GlobalSection(SolutionConfigurationPlatforms) = preSolution
		Debug|Any CPU = Debug|Any CPU
		Release|Any CPU = Release|Any CPU
	EndGlobalSection
	GlobalSection(ProjectConfigurationPlatforms) = postSolution
		{2F3AD1A2-22A7-479E-A93D-D9B2F585ACEE}.Debug|Any CPU.ActiveCfg = Debug|Any CPU
		{2F3AD1A2-22A7-479E-A93D-D9B2F585ACEE}.Debug|Any CPU.Build.0 = Debug|Any CPU
		{2F3AD1A2-22A7-479E-A93D-D9B2F585ACEE}.Release|Any CPU.ActiveCfg = Release|Any CPU
		{2F3AD1A2-22A7-479E-A93D-D9B2F585ACEE}.Release|Any CPU.Build.0 = Release|Any CPU
	EndGlobalSection
	GlobalSection(SolutionProperties) = preSolution
		HideSolutionNode = FALSE
	EndGlobalSection
	GlobalSection(ExtensibilityGlobals) = postSolution
		SolutionGuid = {CDBC8975-F7ED-4AC0-92F6-D60EAFF506B6}
	EndGlobalSection
EndGlobal
